// !$*UTF8*$!
{
	archiveVersion = 1;
	classes = {
	};
	objectVersion = 56;
	objects = {

/* Begin PBXBuildFile section */
		DB7087F22B06B2E600903F4B /* buildingTest.swift in Sources */ = {isa = PBXBuildFile; fileRef = DB7087F12B06B2E600903F4B /* buildingTest.swift */; };
		DBB898992AE9965F00FDB45A /* main.swift in Sources */ = {isa = PBXBuildFile; fileRef = DBB898982AE9965F00FDB45A /* main.swift */; };
		DBB898A62AE9989400FDB45A /* building.swift in Sources */ = {isa = PBXBuildFile; fileRef = DBB898A52AE9989400FDB45A /* building.swift */; };
		DBB898A82AE999B400FDB45A /* graphElements.swift in Sources */ = {isa = PBXBuildFile; fileRef = DBB898A72AE999B400FDB45A /* graphElements.swift */; };
		DBB898AE2AE9C0AF00FDB45A /* graph.swift in Sources */ = {isa = PBXBuildFile; fileRef = DBB898AD2AE9C0AF00FDB45A /* graph.swift */; };
/* End PBXBuildFile section */

/* Begin PBXCopyFilesBuildPhase section */
		DBB898932AE9965F00FDB45A /* CopyFiles */ = {
			isa = PBXCopyFilesBuildPhase;
			buildActionMask = 2147483647;
			dstPath = /usr/share/man/man1/;
			dstSubfolderSpec = 0;
			files = (
			);
			runOnlyForDeploymentPostprocessing = 1;
		};
/* End PBXCopyFilesBuildPhase section */

/* Begin PBXFileReference section */
		DB7087F12B06B2E600903F4B /* buildingTest.swift */ = {isa = PBXFileReference; lastKnownFileType = sourcecode.swift; path = buildingTest.swift; sourceTree = "<group>"; };
		DB7087F72B06B38D00903F4B /* firstdirection.xctest */ = {isa = PBXFileReference; explicitFileType = wrapper.cfbundle; includeInIndex = 0; path = firstdirection.xctest; sourceTree = BUILT_PRODUCTS_DIR; };
		DBB898952AE9965F00FDB45A /* shortPath */ = {isa = PBXFileReference; explicitFileType = "compiled.mach-o.executable"; includeInIndex = 0; path = shortPath; sourceTree = BUILT_PRODUCTS_DIR; };
		DBB898982AE9965F00FDB45A /* main.swift */ = {isa = PBXFileReference; lastKnownFileType = sourcecode.swift; path = main.swift; sourceTree = "<group>"; };
		DBB898A52AE9989400FDB45A /* building.swift */ = {isa = PBXFileReference; lastKnownFileType = sourcecode.swift; path = building.swift; sourceTree = "<group>"; };
		DBB898A72AE999B400FDB45A /* graphElements.swift */ = {isa = PBXFileReference; lastKnownFileType = sourcecode.swift; path = graphElements.swift; sourceTree = "<group>"; };
		DBB898AC2AE9B4BA00FDB45A /* SampleFloorplan.png */ = {isa = PBXFileReference; lastKnownFileType = image.png; path = SampleFloorplan.png; sourceTree = "<group>"; };
		DBB898AD2AE9C0AF00FDB45A /* graph.swift */ = {isa = PBXFileReference; lastKnownFileType = sourcecode.swift; path = graph.swift; sourceTree = "<group>"; };
		DBB898AF2AE9CF0A00FDB45A /* Room.usdz */ = {isa = PBXFileReference; lastKnownFileType = file.usdz; path = Room.usdz; sourceTree = "<group>"; };
		DBBEFC752B04010F005C1B49 /* 3d_export */ = {isa = PBXFileReference; lastKnownFileType = folder; name = 3d_export; path = shortPath/3d_export; sourceTree = "<group>"; };
		DBBEFC762B040328005C1B49 /* room_obj.obj */ = {isa = PBXFileReference; lastKnownFileType = text; path = room_obj.obj; sourceTree = "<group>"; };
/* End PBXFileReference section */

/* Begin PBXFrameworksBuildPhase section */
		DB7087F42B06B38D00903F4B /* Frameworks */ = {
			isa = PBXFrameworksBuildPhase;
			buildActionMask = 2147483647;
			files = (
			);
			runOnlyForDeploymentPostprocessing = 0;
		};
		DBB898922AE9965F00FDB45A /* Frameworks */ = {
			isa = PBXFrameworksBuildPhase;
			buildActionMask = 2147483647;
			files = (
			);
			runOnlyForDeploymentPostprocessing = 0;
		};
/* End PBXFrameworksBuildPhase section */

/* Begin PBXGroup section */
		DBB8988C2AE9965F00FDB45A = {
			isa = PBXGroup;
			children = (
				DBBEFC752B04010F005C1B49 /* 3d_export */,
				DBB898972AE9965F00FDB45A /* shortPath */,
				DBB898962AE9965F00FDB45A /* Products */,
			);
			sourceTree = "<group>";
		};
		DBB898962AE9965F00FDB45A /* Products */ = {
			isa = PBXGroup;
			children = (
				DBB898952AE9965F00FDB45A /* shortPath */,
				DB7087F72B06B38D00903F4B /* firstdirection.xctest */,
			);
			name = Products;
			sourceTree = "<group>";
		};
		DBB898972AE9965F00FDB45A /* shortPath */ = {
			isa = PBXGroup;
			children = (
				DBBEFC762B040328005C1B49 /* room_obj.obj */,
				DBB898AC2AE9B4BA00FDB45A /* SampleFloorplan.png */,
				DBB898982AE9965F00FDB45A /* main.swift */,
				DBB898A52AE9989400FDB45A /* building.swift */,
				DBB898A72AE999B400FDB45A /* graphElements.swift */,
				DBB898AD2AE9C0AF00FDB45A /* graph.swift */,
				DBB898AF2AE9CF0A00FDB45A /* Room.usdz */,
				DB7087F12B06B2E600903F4B /* buildingTest.swift */,
			);
			path = shortPath;
			sourceTree = "<group>";
		};
/* End PBXGroup section */

/* Begin PBXNativeTarget section */
		DB7087F62B06B38D00903F4B /* firstdirection */ = {
			isa = PBXNativeTarget;
			buildConfigurationList = DB7087FB2B06B38D00903F4B /* Build configuration list for PBXNativeTarget "firstdirection" */;
			buildPhases = (
				DB7087F32B06B38D00903F4B /* Sources */,
				DB7087F42B06B38D00903F4B /* Frameworks */,
				DB7087F52B06B38D00903F4B /* Resources */,
			);
			buildRules = (
			);
			dependencies = (
			);
			name = firstdirection;
			productName = firstdirection;
			productReference = DB7087F72B06B38D00903F4B /* firstdirection.xctest */;
			productType = "com.apple.product-type.bundle.unit-test";
		};
		DBB898942AE9965F00FDB45A /* shortPath */ = {
			isa = PBXNativeTarget;
			buildConfigurationList = DBB8989C2AE9965F00FDB45A /* Build configuration list for PBXNativeTarget "shortPath" */;
			buildPhases = (
				DBB898912AE9965F00FDB45A /* Sources */,
				DBB898922AE9965F00FDB45A /* Frameworks */,
				DBB898932AE9965F00FDB45A /* CopyFiles */,
			);
			buildRules = (
			);
			dependencies = (
			);
			name = shortPath;
			productName = shortPath;
			productReference = DBB898952AE9965F00FDB45A /* shortPath */;
			productType = "com.apple.product-type.tool";
		};
/* End PBXNativeTarget section */

/* Begin PBXProject section */
		DBB8988D2AE9965F00FDB45A /* Project object */ = {
			isa = PBXProject;
			attributes = {
				BuildIndependentTargetsInParallel = 1;
				LastSwiftUpdateCheck = 1500;
				LastUpgradeCheck = 1500;
				TargetAttributes = {
					DB7087F62B06B38D00903F4B = {
						CreatedOnToolsVersion = 15.0.1;
					};
					DBB898942AE9965F00FDB45A = {
						CreatedOnToolsVersion = 15.0.1;
					};
				};
			};
			buildConfigurationList = DBB898902AE9965F00FDB45A /* Build configuration list for PBXProject "shortPath" */;
			compatibilityVersion = "Xcode 14.0";
			developmentRegion = en;
			hasScannedForEncodings = 0;
			knownRegions = (
				en,
				Base,
			);
			mainGroup = DBB8988C2AE9965F00FDB45A;
			productRefGroup = DBB898962AE9965F00FDB45A /* Products */;
			projectDirPath = "";
			projectRoot = "";
			targets = (
				DBB898942AE9965F00FDB45A /* shortPath */,
				DB7087F62B06B38D00903F4B /* firstdirection */,
			);
		};
/* End PBXProject section */

/* Begin PBXResourcesBuildPhase section */
		DB7087F52B06B38D00903F4B /* Resources */ = {
			isa = PBXResourcesBuildPhase;
			buildActionMask = 2147483647;
			files = (
			);
			runOnlyForDeploymentPostprocessing = 0;
		};
/* End PBXResourcesBuildPhase section */

/* Begin PBXSourcesBuildPhase section */
		DB7087F32B06B38D00903F4B /* Sources */ = {
			isa = PBXSourcesBuildPhase;
			buildActionMask = 2147483647;
			files = (
			);
			runOnlyForDeploymentPostprocessing = 0;
		};
		DBB898912AE9965F00FDB45A /* Sources */ = {
			isa = PBXSourcesBuildPhase;
			buildActionMask = 2147483647;
			files = (
				DBB898AE2AE9C0AF00FDB45A /* graph.swift in Sources */,
				DBB898992AE9965F00FDB45A /* main.swift in Sources */,
				DB7087F22B06B2E600903F4B /* buildingTest.swift in Sources */,
				DBB898A62AE9989400FDB45A /* building.swift in Sources */,
				DBB898A82AE999B400FDB45A /* graphElements.swift in Sources */,
			);
			runOnlyForDeploymentPostprocessing = 0;
		};
/* End PBXSourcesBuildPhase section */

/* Begin XCBuildConfiguration section */
		DB7087FC2B06B38D00903F4B /* Debug */ = {
			isa = XCBuildConfiguration;
			buildSettings = {
				CODE_SIGN_STYLE = Automatic;
				CURRENT_PROJECT_VERSION = 1;
				GENERATE_INFOPLIST_FILE = YES;
				MARKETING_VERSION = 1.0;
				PRODUCT_BUNDLE_IDENTIFIER = lastlockteam1.firstdirection;
				PRODUCT_NAME = "$(TARGET_NAME)";
				SWIFT_EMIT_LOC_STRINGS = NO;
				SWIFT_VERSION = 5.0;
			};
			name = Debug;
		};
		DB7087FD2B06B38D00903F4B /* Release */ = {
			isa = XCBuildConfiguration;
			buildSettings = {
				CODE_SIGN_STYLE = Automatic;
				CURRENT_PROJECT_VERSION = 1;
				GENERATE_INFOPLIST_FILE = YES;
				MARKETING_VERSION = 1.0;
				PRODUCT_BUNDLE_IDENTIFIER = lastlockteam1.firstdirection;
				PRODUCT_NAME = "$(TARGET_NAME)";
				SWIFT_EMIT_LOC_STRINGS = NO;
				SWIFT_VERSION = 5.0;
			};
			name = Release;
		};
		DBB8989A2AE9965F00FDB45A /* Debug */ = {
			isa = XCBuildConfiguration;
			buildSettings = {
				ALWAYS_SEARCH_USER_PATHS = NO;
				ASSETCATALOG_COMPILER_GENERATE_SWIFT_ASSET_SYMBOL_EXTENSIONS = YES;
				CLANG_ANALYZER_NONNULL = YES;
				CLANG_ANALYZER_NUMBER_OBJECT_CONVERSION = YES_AGGRESSIVE;
				CLANG_CXX_LANGUAGE_STANDARD = "gnu++20";
				CLANG_ENABLE_MODULES = YES;
				CLANG_ENABLE_OBJC_ARC = YES;
				CLANG_ENABLE_OBJC_WEAK = YES;
				CLANG_WARN_BLOCK_CAPTURE_AUTORELEASING = YES;
				CLANG_WARN_BOOL_CONVERSION = YES;
				CLANG_WARN_COMMA = YES;
				CLANG_WARN_CONSTANT_CONVERSION = YES;
				CLANG_WARN_DEPRECATED_OBJC_IMPLEMENTATIONS = YES;
				CLANG_WARN_DIRECT_OBJC_ISA_USAGE = YES_ERROR;
				CLANG_WARN_DOCUMENTATION_COMMENTS = YES;
				CLANG_WARN_EMPTY_BODY = YES;
				CLANG_WARN_ENUM_CONVERSION = YES;
				CLANG_WARN_INFINITE_RECURSION = YES;
				CLANG_WARN_INT_CONVERSION = YES;
				CLANG_WARN_NON_LITERAL_NULL_CONVERSION = YES;
				CLANG_WARN_OBJC_IMPLICIT_RETAIN_SELF = YES;
				CLANG_WARN_OBJC_LITERAL_CONVERSION = YES;
				CLANG_WARN_OBJC_ROOT_CLASS = YES_ERROR;
				CLANG_WARN_QUOTED_INCLUDE_IN_FRAMEWORK_HEADER = YES;
				CLANG_WARN_RANGE_LOOP_ANALYSIS = YES;
				CLANG_WARN_STRICT_PROTOTYPES = YES;
				CLANG_WARN_SUSPICIOUS_MOVE = YES;
				CLANG_WARN_UNGUARDED_AVAILABILITY = YES_AGGRESSIVE;
				CLANG_WARN_UNREACHABLE_CODE = YES;
				CLANG_WARN__DUPLICATE_METHOD_MATCH = YES;
				COPY_PHASE_STRIP = NO;
				DEBUG_INFORMATION_FORMAT = dwarf;
				ENABLE_STRICT_OBJC_MSGSEND = YES;
				ENABLE_TESTABILITY = YES;
				ENABLE_USER_SCRIPT_SANDBOXING = YES;
				GCC_C_LANGUAGE_STANDARD = gnu17;
				GCC_DYNAMIC_NO_PIC = NO;
				GCC_NO_COMMON_BLOCKS = YES;
				GCC_OPTIMIZATION_LEVEL = 0;
				GCC_PREPROCESSOR_DEFINITIONS = (
					"DEBUG=1",
					"$(inherited)",
				);
				GCC_WARN_64_TO_32_BIT_CONVERSION = YES;
				GCC_WARN_ABOUT_RETURN_TYPE = YES_ERROR;
				GCC_WARN_UNDECLARED_SELECTOR = YES;
				GCC_WARN_UNINITIALIZED_AUTOS = YES_AGGRESSIVE;
				GCC_WARN_UNUSED_FUNCTION = YES;
				GCC_WARN_UNUSED_VARIABLE = YES;
				LOCALIZATION_PREFERS_STRING_CATALOGS = YES;
				MACOSX_DEPLOYMENT_TARGET = 14.0;
				MTL_ENABLE_DEBUG_INFO = INCLUDE_SOURCE;
				MTL_FAST_MATH = YES;
				ONLY_ACTIVE_ARCH = YES;
				SDKROOT = macosx;
				SWIFT_ACTIVE_COMPILATION_CONDITIONS = "DEBUG $(inherited)";
				SWIFT_OPTIMIZATION_LEVEL = "-Onone";
			};
			name = Debug;
		};
		DBB8989B2AE9965F00FDB45A /* Release */ = {
			isa = XCBuildConfiguration;
			buildSettings = {
				ALWAYS_SEARCH_USER_PATHS = NO;
				ASSETCATALOG_COMPILER_GENERATE_SWIFT_ASSET_SYMBOL_EXTENSIONS = YES;
				CLANG_ANALYZER_NONNULL = YES;
				CLANG_ANALYZER_NUMBER_OBJECT_CONVERSION = YES_AGGRESSIVE;
				CLANG_CXX_LANGUAGE_STANDARD = "gnu++20";
				CLANG_ENABLE_MODULES = YES;
				CLANG_ENABLE_OBJC_ARC = YES;
				CLANG_ENABLE_OBJC_WEAK = YES;
				CLANG_WARN_BLOCK_CAPTURE_AUTORELEASING = YES;
				CLANG_WARN_BOOL_CONVERSION = YES;
				CLANG_WARN_COMMA = YES;
				CLANG_WARN_CONSTANT_CONVERSION = YES;
				CLANG_WARN_DEPRECATED_OBJC_IMPLEMENTATIONS = YES;
				CLANG_WARN_DIRECT_OBJC_ISA_USAGE = YES_ERROR;
				CLANG_WARN_DOCUMENTATION_COMMENTS = YES;
				CLANG_WARN_EMPTY_BODY = YES;
				CLANG_WARN_ENUM_CONVERSION = YES;
				CLANG_WARN_INFINITE_RECURSION = YES;
				CLANG_WARN_INT_CONVERSION = YES;
				CLANG_WARN_NON_LITERAL_NULL_CONVERSION = YES;
				CLANG_WARN_OBJC_IMPLICIT_RETAIN_SELF = YES;
				CLANG_WARN_OBJC_LITERAL_CONVERSION = YES;
				CLANG_WARN_OBJC_ROOT_CLASS = YES_ERROR;
				CLANG_WARN_QUOTED_INCLUDE_IN_FRAMEWORK_HEADER = YES;
				CLANG_WARN_RANGE_LOOP_ANALYSIS = YES;
				CLANG_WARN_STRICT_PROTOTYPES = YES;
				CLANG_WARN_SUSPICIOUS_MOVE = YES;
				CLANG_WARN_UNGUARDED_AVAILABILITY = YES_AGGRESSIVE;
				CLANG_WARN_UNREACHABLE_CODE = YES;
				CLANG_WARN__DUPLICATE_METHOD_MATCH = YES;
				COPY_PHASE_STRIP = NO;
				DEBUG_INFORMATION_FORMAT = "dwarf-with-dsym";
				ENABLE_NS_ASSERTIONS = NO;
				ENABLE_STRICT_OBJC_MSGSEND = YES;
				ENABLE_USER_SCRIPT_SANDBOXING = YES;
				GCC_C_LANGUAGE_STANDARD = gnu17;
				GCC_NO_COMMON_BLOCKS = YES;
				GCC_WARN_64_TO_32_BIT_CONVERSION = YES;
				GCC_WARN_ABOUT_RETURN_TYPE = YES_ERROR;
				GCC_WARN_UNDECLARED_SELECTOR = YES;
				GCC_WARN_UNINITIALIZED_AUTOS = YES_AGGRESSIVE;
				GCC_WARN_UNUSED_FUNCTION = YES;
				GCC_WARN_UNUSED_VARIABLE = YES;
				LOCALIZATION_PREFERS_STRING_CATALOGS = YES;
				MACOSX_DEPLOYMENT_TARGET = 14.0;
				MTL_ENABLE_DEBUG_INFO = NO;
				MTL_FAST_MATH = YES;
				SDKROOT = macosx;
				SWIFT_COMPILATION_MODE = wholemodule;
			};
			name = Release;
		};
		DBB8989D2AE9965F00FDB45A /* Debug */ = {
			isa = XCBuildConfiguration;
			buildSettings = {
				CODE_SIGN_STYLE = Automatic;
				PRODUCT_NAME = "$(TARGET_NAME)";
				SWIFT_VERSION = 5.0;
			};
			name = Debug;
		};
		DBB8989E2AE9965F00FDB45A /* Release */ = {
			isa = XCBuildConfiguration;
			buildSettings = {
				CODE_SIGN_STYLE = Automatic;
				PRODUCT_NAME = "$(TARGET_NAME)";
				SWIFT_VERSION = 5.0;
			};
			name = Release;
		};
/* End XCBuildConfiguration section */

/* Begin XCConfigurationList section */
		DB7087FB2B06B38D00903F4B /* Build configuration list for PBXNativeTarget "firstdirection" */ = {
			isa = XCConfigurationList;
			buildConfigurations = (
				DB7087FC2B06B38D00903F4B /* Debug */,
				DB7087FD2B06B38D00903F4B /* Release */,
			);
			defaultConfigurationIsVisible = 0;
			defaultConfigurationName = Release;
		};
		DBB898902AE9965F00FDB45A /* Build configuration list for PBXProject "shortPath" */ = {
			isa = XCConfigurationList;
			buildConfigurations = (
				DBB8989A2AE9965F00FDB45A /* Debug */,
				DBB8989B2AE9965F00FDB45A /* Release */,
			);
			defaultConfigurationIsVisible = 0;
			defaultConfigurationName = Release;
		};
		DBB8989C2AE9965F00FDB45A /* Build configuration list for PBXNativeTarget "shortPath" */ = {
			isa = XCConfigurationList;
			buildConfigurations = (
				DBB8989D2AE9965F00FDB45A /* Debug */,
				DBB8989E2AE9965F00FDB45A /* Release */,
			);
			defaultConfigurationIsVisible = 0;
			defaultConfigurationName = Release;
		};
/* End XCConfigurationList section */
	};
	rootObject = DBB8988D2AE9965F00FDB45A /* Project object */;
}
